
Microsoft Visual Studio Solution File, Format Version 12.00
# Visual Studio Version 16
VisualStudioVersion = 16.0.810.14
MinimumVisualStudioVersion = 10.0.40219.1
Project("{FAE04EC0-301F-11D3-BF4B-00C04F79EFBC}") = "StringChallenge2", "StringChallenge2\StringChallenge2.csproj", "{6FF7F283-6C7F-4E2F-85D2-BB7FFB8354E8}"
EndProject
Global
	GlobalSection(SolutionConfigurationPlatforms) = preSolution
		Debug|Any CPU = Debug|Any CPU
		Release|Any CPU = Release|Any CPU
	EndGlobalSection
	GlobalSection(ProjectConfigurationPlatforms) = postSolution
		{6FF7F283-6C7F-4E2F-85D2-BB7FFB8354E8}.Debug|Any CPU.ActiveCfg = Debug|Any CPU
		{6FF7F283-6C7F-4E2F-85D2-BB7FFB8354E8}.Debug|Any CPU.Build.0 = Debug|Any CPU
		{6FF7F283-6C7F-4E2F-85D2-BB7FFB8354E8}.Release|Any CPU.ActiveCfg = Release|Any CPU
		{6FF7F283-6C7F-4E2F-85D2-BB7FFB8354E8}.Release|Any CPU.Build.0 = Release|Any CPU
	EndGlobalSection
	GlobalSection(SolutionProperties) = preSolution
		HideSolutionNode = FALSE
	EndGlobalSection
	GlobalSection(ExtensibilityGlobals) = postSolution
		SolutionGuid = {B9EEA24E-6634-4419-B77C-D378467DE71F}
	EndGlobalSection
EndGlobal
